{
  "version": 4,
  "terraform_version": "1.10.5",
  "serial": 284,
  "lineage": "82880cfe-8dc0-7361-42a5-ad70450f2a75",
  "outputs": {
    "jenkins_url": {
      "value": "http://34.29.22.3:8080",
      "type": "string"
    },
    "kubernetes-ip": {
      "value": "34.60.2.172",
      "type": "string"
    }
  },
  "resources": [
    {
      "mode": "managed",
      "type": "google_compute_firewall",
      "name": "jenkins-firewall",
      "provider": "provider[\"registry.terraform.io/hashicorp/google\"]",
      "instances": [
        {
          "schema_version": 1,
          "attributes": {
            "allow": [
              {
                "ports": [
                  "8080",
                  "50000",
                  "80",
                  "443",
                  "22"
                ],
                "protocol": "tcp"
              }
            ],
            "creation_timestamp": "2025-08-18T06:09:45.894-07:00",
            "deny": [],
            "description": "",
            "destination_ranges": [],
            "direction": "INGRESS",
            "disabled": false,
            "enable_logging": null,
            "id": "projects/project-cicd-468413/global/firewalls/allow-jenkins",
            "log_config": [],
            "name": "allow-jenkins",
            "network": "https://www.googleapis.com/compute/v1/projects/project-cicd-468413/global/networks/jenkins-network",
            "params": [],
            "priority": 1000,
            "project": "project-cicd-468413",
            "self_link": "https://www.googleapis.com/compute/v1/projects/project-cicd-468413/global/firewalls/allow-jenkins",
            "source_ranges": [
              "0.0.0.0/0"
            ],
            "source_service_accounts": null,
            "source_tags": null,
            "target_service_accounts": null,
            "target_tags": null,
            "timeouts": null
          },
          "sensitive_attributes": [],
          "private": "eyJlMmJmYjczMC1lY2FhLTExZTYtOGY4OC0zNDM2M2JjN2M0YzAiOnsiY3JlYXRlIjoxMjAwMDAwMDAwMDAwLCJkZWxldGUiOjEyMDAwMDAwMDAwMDAsInVwZGF0ZSI6MTIwMDAwMDAwMDAwMH0sInNjaGVtYV92ZXJzaW9uIjoiMSJ9",
          "dependencies": [
            "google_compute_network.vpc_network"
          ]
        }
      ]
    },
    {
      "mode": "managed",
      "type": "google_compute_instance",
      "name": "jenkins-vm",
      "provider": "provider[\"registry.terraform.io/hashicorp/google\"]",
      "instances": [
        {
          "schema_version": 6,
          "attributes": {
            "advanced_machine_features": [],
            "allow_stopping_for_update": null,
            "attached_disk": [],
            "boot_disk": [
              {
                "auto_delete": true,
                "device_name": "persistent-disk-0",
                "disk_encryption_key_raw": "",
                "disk_encryption_key_rsa": "",
                "disk_encryption_key_sha256": "",
                "disk_encryption_service_account": "",
                "force_attach": false,
                "guest_os_features": [
                  "VIRTIO_SCSI_MULTIQUEUE",
                  "SEV_CAPABLE",
                  "SEV_SNP_CAPABLE",
                  "SEV_LIVE_MIGRATABLE",
                  "SEV_LIVE_MIGRATABLE_V2",
                  "IDPF",
                  "TDX_CAPABLE",
                  "UEFI_COMPATIBLE",
                  "GVNIC"
                ],
                "initialize_params": [
                  {
                    "architecture": "X86_64",
                    "enable_confidential_compute": false,
                    "image": "https://www.googleapis.com/compute/v1/projects/ubuntu-os-cloud/global/images/ubuntu-2204-jammy-v20250805",
                    "labels": {},
                    "provisioned_iops": 0,
                    "provisioned_throughput": 0,
                    "resource_manager_tags": null,
                    "resource_policies": [],
                    "size": 30,
                    "snapshot": "",
                    "source_image_encryption_key": [],
                    "source_snapshot_encryption_key": [],
                    "storage_pool": "",
                    "type": "pd-standard"
                  }
                ],
                "interface": "",
                "kms_key_self_link": "",
                "mode": "READ_WRITE",
                "source": "https://www.googleapis.com/compute/v1/projects/project-cicd-468413/zones/us-central1-a/disks/jenkins-instance"
              }
            ],
            "can_ip_forward": false,
            "confidential_instance_config": [],
            "cpu_platform": "Intel Broadwell",
            "creation_timestamp": "2025-08-18T06:09:48.162-07:00",
            "current_status": "RUNNING",
            "deletion_protection": false,
            "description": "",
            "desired_status": null,
            "effective_labels": {
              "goog-terraform-provisioned": "true"
            },
            "enable_display": false,
            "guest_accelerator": [],
            "hostname": "",
            "id": "projects/project-cicd-468413/zones/us-central1-a/instances/jenkins-instance",
            "instance_encryption_key": [],
            "instance_id": "4658130152848267508",
            "key_revocation_action_type": "",
            "label_fingerprint": "vezUS-42LLM=",
            "labels": null,
            "machine_type": "e2-small",
            "metadata": {
              "ssh-keys": "zainabfarooq001:ssh-rsa AAAAB3NzaC1yc2EAAAADAQABAAACAQDC7bS+eWzZITSs1bSJu5YDcIV0RCGjke9O3H7oiLKUod0nuxXl4I5oKc04oP2ZXL8vMch1Y0mWNK1N7qAZjzloGszo6TX8cuv62J7oDUUu1jUVFHUDmFkNMs1XFMYH5fd7rqlYSUAF4sp2OC+MRhZCmcrnv59ZItuPdcOdRm3EnnP9SmM83WS5FiwDBaDOZDyZwabSXQiTFar6FMAgUOI2CtvmTbc38Tp6hMbEQQnLiJfX8KcVuHYdwi8TR1ivUVpsw0EW5zhneEzGJ+DdfRtbPXfudNP+WmbVaoBHqEDkOX1AkTJOBVCU+4GjS/1rkJXHLeoprD/qhg/bWj1xl8kkz7BnHTVwjpdtD27AupOYygxGnuqm6xUWHOhAB8iMMpL0xbEWdPQDVW0HZaPTTiOtSceclpGhurkPWyWxeuo5oQgDBqKdQIxU8dvWp11KfHV5iUtivKQDquL8hDep+ivY9DNRnRVOkYOeI9S5Z0r5nZM4HdnfDh9G7ojcrrDuFvhTVTG1g2bM38PlI41RQvfXC/z+1YnMdEWZYNSKMH2zH8fOtiaYi5YO3qaEAgMWEimeva4Jy5Mv4NZWjsoHLloO8gtFc6NQM+YzLfk2xbqIOslfAzFfxsocB5thMY6Qs3kN4oHQn1XHIzZvxhQL7MFNx4qG+JkX47ETtVr5Xuimpw== zainabfarooq001@gmail.com\r\n"
            },
            "metadata_fingerprint": "vRTzY3DbDGY=",
            "metadata_startup_script": "#!/bin/bash\nset -e\nexport DEBIAN_FRONTEND=noninteractive\n\napt-get update -y\napt-get install -y openjdk-17-jre fontconfig wget gnupg apt-transport-https\n\nmkdir -p /etc/apt/keyrings\nwget -O /etc/apt/keyrings/jenkins-keyring.asc https://pkg.jenkins.io/debian-stable/jenkins.io-2023.key\necho \"deb [signed-by=/etc/apt/keyrings/jenkins-keyring.asc] https://pkg.jenkins.io/debian-stable binary/\" \\\n  | sudo tee /etc/apt/sources.list.d/jenkins.list\n\napt-get update -y\napt-get install -y jenkins\n\nsystemctl enable jenkins\nsystemctl start jenkins\n",
            "min_cpu_platform": "",
            "name": "jenkins-instance",
            "network_interface": [
              {
                "access_config": [
                  {
                    "nat_ip": "34.29.22.3",
                    "network_tier": "PREMIUM",
                    "public_ptr_domain_name": ""
                  }
                ],
                "alias_ip_range": [],
                "internal_ipv6_prefix_length": 0,
                "ipv6_access_config": [],
                "ipv6_access_type": "",
                "ipv6_address": "",
                "name": "nic0",
                "network": "https://www.googleapis.com/compute/v1/projects/project-cicd-468413/global/networks/jenkins-network",
                "network_attachment": "",
                "network_ip": "10.128.0.2",
                "nic_type": "",
                "queue_count": 0,
                "stack_type": "IPV4_ONLY",
                "subnetwork": "https://www.googleapis.com/compute/v1/projects/project-cicd-468413/regions/us-central1/subnetworks/jenkins-network",
                "subnetwork_project": "project-cicd-468413"
              }
            ],
            "network_performance_config": [],
            "params": [],
            "project": "project-cicd-468413",
            "reservation_affinity": [],
            "resource_policies": null,
            "scheduling": [
              {
                "automatic_restart": true,
                "availability_domain": 0,
                "instance_termination_action": "",
                "local_ssd_recovery_timeout": [],
                "max_run_duration": [],
                "min_node_cpus": 0,
                "node_affinities": [],
                "on_host_maintenance": "MIGRATE",
                "on_instance_stop_action": [],
                "preemptible": false,
                "provisioning_model": "STANDARD",
                "termination_time": ""
              }
            ],
            "scratch_disk": [],
            "self_link": "https://www.googleapis.com/compute/v1/projects/project-cicd-468413/zones/us-central1-a/instances/jenkins-instance",
            "service_account": [],
            "shielded_instance_config": [
              {
                "enable_integrity_monitoring": true,
                "enable_secure_boot": false,
                "enable_vtpm": true
              }
            ],
            "tags": null,
            "tags_fingerprint": "42WmSpB8rSM=",
            "terraform_labels": {
              "goog-terraform-provisioned": "true"
            },
            "timeouts": null,
            "zone": "us-central1-a"
          },
          "sensitive_attributes": [
            [
              {
                "type": "get_attr",
                "value": "boot_disk"
              },
              {
                "type": "index",
                "value": {
                  "value": 0,
                  "type": "number"
                }
              },
              {
                "type": "get_attr",
                "value": "disk_encryption_key_rsa"
              }
            ],
            [
              {
                "type": "get_attr",
                "value": "boot_disk"
              },
              {
                "type": "index",
                "value": {
                  "value": 0,
                  "type": "number"
                }
              },
              {
                "type": "get_attr",
                "value": "disk_encryption_key_raw"
              }
            ]
          ],
          "private": "eyJlMmJmYjczMC1lY2FhLTExZTYtOGY4OC0zNDM2M2JjN2M0YzAiOnsiY3JlYXRlIjoxMjAwMDAwMDAwMDAwLCJkZWxldGUiOjEyMDAwMDAwMDAwMDAsInVwZGF0ZSI6MTIwMDAwMDAwMDAwMH0sInNjaGVtYV92ZXJzaW9uIjoiNiJ9",
          "dependencies": [
            "google_compute_network.vpc_network"
          ]
        }
      ]
    },
    {
      "mode": "managed",
      "type": "google_compute_instance",
      "name": "k8s-vm",
      "provider": "provider[\"registry.terraform.io/hashicorp/google\"]",
      "instances": [
        {
          "schema_version": 6,
          "attributes": {
            "advanced_machine_features": [],
            "allow_stopping_for_update": null,
            "attached_disk": [],
            "boot_disk": [
              {
                "auto_delete": true,
                "device_name": "persistent-disk-0",
                "disk_encryption_key_raw": "",
                "disk_encryption_key_rsa": "",
                "disk_encryption_key_sha256": "",
                "disk_encryption_service_account": "",
                "force_attach": false,
                "guest_os_features": [
                  "VIRTIO_SCSI_MULTIQUEUE",
                  "SEV_CAPABLE",
                  "SEV_SNP_CAPABLE",
                  "SEV_LIVE_MIGRATABLE",
                  "SEV_LIVE_MIGRATABLE_V2",
                  "IDPF",
                  "TDX_CAPABLE",
                  "UEFI_COMPATIBLE",
                  "GVNIC"
                ],
                "initialize_params": [
                  {
                    "architecture": "X86_64",
                    "enable_confidential_compute": false,
                    "image": "https://www.googleapis.com/compute/v1/projects/ubuntu-os-cloud/global/images/ubuntu-2204-jammy-v20250805",
                    "labels": {},
                    "provisioned_iops": 0,
                    "provisioned_throughput": 0,
                    "resource_manager_tags": null,
                    "resource_policies": [],
                    "size": 30,
                    "snapshot": "",
                    "source_image_encryption_key": [],
                    "source_snapshot_encryption_key": [],
                    "storage_pool": "",
                    "type": "pd-standard"
                  }
                ],
                "interface": "",
                "kms_key_self_link": "",
                "mode": "READ_WRITE",
                "source": "https://www.googleapis.com/compute/v1/projects/project-cicd-468413/zones/us-central1-a/disks/k8s-instance"
              }
            ],
            "can_ip_forward": false,
            "confidential_instance_config": [],
            "cpu_platform": "Intel Broadwell",
            "creation_timestamp": "2025-08-18T06:10:08.446-07:00",
            "current_status": "RUNNING",
            "deletion_protection": false,
            "description": "",
            "desired_status": null,
            "effective_labels": {
              "goog-terraform-provisioned": "true"
            },
            "enable_display": false,
            "guest_accelerator": [],
            "hostname": "",
            "id": "projects/project-cicd-468413/zones/us-central1-a/instances/k8s-instance",
            "instance_encryption_key": [],
            "instance_id": "4945418548182685919",
            "key_revocation_action_type": "",
            "label_fingerprint": "vezUS-42LLM=",
            "labels": null,
            "machine_type": "e2-medium",
            "metadata": {
              "ssh-keys": "ubuntu:ssh-rsa AAAAB3NzaC1yc2EAAAADAQABAAACAQDC7bS+eWzZITSs1bSJu5YDcIV0RCGjke9O3H7oiLKUod0nuxXl4I5oKc04oP2ZXL8vMch1Y0mWNK1N7qAZjzloGszo6TX8cuv62J7oDUUu1jUVFHUDmFkNMs1XFMYH5fd7rqlYSUAF4sp2OC+MRhZCmcrnv59ZItuPdcOdRm3EnnP9SmM83WS5FiwDBaDOZDyZwabSXQiTFar6FMAgUOI2CtvmTbc38Tp6hMbEQQnLiJfX8KcVuHYdwi8TR1ivUVpsw0EW5zhneEzGJ+DdfRtbPXfudNP+WmbVaoBHqEDkOX1AkTJOBVCU+4GjS/1rkJXHLeoprD/qhg/bWj1xl8kkz7BnHTVwjpdtD27AupOYygxGnuqm6xUWHOhAB8iMMpL0xbEWdPQDVW0HZaPTTiOtSceclpGhurkPWyWxeuo5oQgDBqKdQIxU8dvWp11KfHV5iUtivKQDquL8hDep+ivY9DNRnRVOkYOeI9S5Z0r5nZM4HdnfDh9G7ojcrrDuFvhTVTG1g2bM38PlI41RQvfXC/z+1YnMdEWZYNSKMH2zH8fOtiaYi5YO3qaEAgMWEimeva4Jy5Mv4NZWjsoHLloO8gtFc6NQM+YzLfk2xbqIOslfAzFfxsocB5thMY6Qs3kN4oHQn1XHIzZvxhQL7MFNx4qG+JkX47ETtVr5Xuimpw== zainabfarooq001@gmail.com\r\n"
            },
            "metadata_fingerprint": "lCGCE3knna0=",
            "metadata_startup_script": "#!/bin/bash\nMARKER_FILE=\"/var/lib/startup-script-ran\"\n\n# Check if the marker file exists\nif [ -f \"$MARKER_FILE\" ]; then\n  echo \"Startup script already ran, skipping...\"\n  exit 0\nfi\n\nset -e\nexport DEBIAN_FRONTEND=noninteractive\n\n# --- Redirect all output to log ---\nLOGFILE=/var/log/k8s-startup.log\nexec \u003e \u003e(tee -a $LOGFILE) 2\u003e\u00261\n\necho \"===== Kubernetes VM setup started at $(date) =====\"\n\necho \"--- Updating system packages ---\"\napt-get update -y\napt-get upgrade -y\necho \"--- System packages updated ---\"\n\necho \"--- Installing dependencies (docker, curl, kubectl prerequisites) ---\"\napt-get install -y docker.io apt-transport-https ca-certificates curl gnupg lsb-release conntrack\necho \"--- Dependencies installed ---\"\n\necho \"--- Enabling and starting Docker ---\"\nsystemctl enable docker\nsystemctl start docker\necho \"--- Docker status ---\"\nsystemctl status docker\n\necho \"--- Adding ubuntu user to Docker group ---\"\nusermod -aG docker ubuntu\necho \"--- User added to Docker group ---\"\n\necho \"--- Installing kubectl ---\"\ncurl -LO \"https://dl.k8s.io/release/$(curl -L -s https://dl.k8s.io/release/stable.txt)/bin/linux/amd64/kubectl\"\nchmod +x kubectl\nmv kubectl /usr/local/bin/\nkubectl version --client\necho \"--- kubectl installed ---\"\n\necho \"--- Installing Minikube ---\"\ncurl -LO https://storage.googleapis.com/minikube/releases/latest/minikube-linux-amd64\ninstall minikube-linux-amd64 /usr/local/bin/minikube\nminikube version\necho \"--- Minikube installed ---\"\n\nKUBE_DIR=/home/ubuntu/.kube\nUSER_HOME=/home/ubuntu\nmkdir -p $USER_HOME/.kube\nchown -R ubuntu:ubuntu $USER_HOME/.kube\nchmod 700 $USER_HOME/.kube\n\ncat \u003c\u003cYAML \u003e $USER_HOME/app.yaml\napiVersion: apps/v1\nkind: Deployment\nmetadata:\n  name: app\nspec:\n  replicas: 2\n  selector:\n    matchLabels:\n      app: app\n  template:\n    metadata:\n      labels:\n        app: app\n    spec:\n      containers:\n      - name: app\n        image: zainab7861/myapp:latest\n        ports:\n        - containerPort: 80\n---\napiVersion: v1\nkind: Service\nmetadata:\n  name: app-service\nspec:\n  type: NodePort\n  selector:\n    app: app\n  ports:\n  - protocol: TCP\n    port: 3000\n    targetPort: 3000\n    nodePort: 30001\nYAML\n\nchown ubuntu:ubuntu $USER_HOME/app.yaml\n\necho \"--------------Installing Nginx--------------\"\nDEBIAN_FRONTEND=noninteractive apt install -yq nginx\n \necho \"--------------Configuring Nginx reverse proxy --------------\"\nsed -i 's|try_files $uri $uri/ =404;|proxy_pass http://192.168.49.2:30001;|' /etc/nginx/sites-available/default\n \necho \"--------------Checking Nginx config--------------\"\nnginx -t\n \necho \"--------------Restarting Nginx--------------\"\nsystemctl enable nginx\nsystemctl restart nginx\n\necho \"starting minikube\"\nsudo -u ubuntu -i minikube start --driver=docker\n\necho \"minikube COMPLETE--------------------------------\"\n\necho \"starting to apply yaml file----------------------\"\nuntil kubectl get nodes \u003e /dev/null 2\u003e\u00261; do\n  echo \"Waiting for Kubernetes API...\"\n  sleep 5\ndone\nkubectl apply -f /home/ubuntu/app.yaml\n\n\n# Mark as completed\ntouch \"$MARKER_FILE\"\necho \"Startup script completed and marker file created.\"\n \n\n",
            "min_cpu_platform": "",
            "name": "k8s-instance",
            "network_interface": [
              {
                "access_config": [
                  {
                    "nat_ip": "34.60.2.172",
                    "network_tier": "PREMIUM",
                    "public_ptr_domain_name": ""
                  }
                ],
                "alias_ip_range": [],
                "internal_ipv6_prefix_length": 0,
                "ipv6_access_config": [],
                "ipv6_access_type": "",
                "ipv6_address": "",
                "name": "nic0",
                "network": "https://www.googleapis.com/compute/v1/projects/project-cicd-468413/global/networks/jenkins-network",
                "network_attachment": "",
                "network_ip": "10.128.0.3",
                "nic_type": "",
                "queue_count": 0,
                "stack_type": "IPV4_ONLY",
                "subnetwork": "https://www.googleapis.com/compute/v1/projects/project-cicd-468413/regions/us-central1/subnetworks/jenkins-network",
                "subnetwork_project": "project-cicd-468413"
              }
            ],
            "network_performance_config": [],
            "params": [],
            "project": "project-cicd-468413",
            "reservation_affinity": [],
            "resource_policies": null,
            "scheduling": [
              {
                "automatic_restart": true,
                "availability_domain": 0,
                "instance_termination_action": "",
                "local_ssd_recovery_timeout": [],
                "max_run_duration": [],
                "min_node_cpus": 0,
                "node_affinities": [],
                "on_host_maintenance": "MIGRATE",
                "on_instance_stop_action": [],
                "preemptible": false,
                "provisioning_model": "STANDARD",
                "termination_time": ""
              }
            ],
            "scratch_disk": [],
            "self_link": "https://www.googleapis.com/compute/v1/projects/project-cicd-468413/zones/us-central1-a/instances/k8s-instance",
            "service_account": [],
            "shielded_instance_config": [
              {
                "enable_integrity_monitoring": true,
                "enable_secure_boot": false,
                "enable_vtpm": true
              }
            ],
            "tags": null,
            "tags_fingerprint": "42WmSpB8rSM=",
            "terraform_labels": {
              "goog-terraform-provisioned": "true"
            },
            "timeouts": null,
            "zone": "us-central1-a"
          },
          "sensitive_attributes": [
            [
              {
                "type": "get_attr",
                "value": "boot_disk"
              },
              {
                "type": "index",
                "value": {
                  "value": 0,
                  "type": "number"
                }
              },
              {
                "type": "get_attr",
                "value": "disk_encryption_key_raw"
              }
            ],
            [
              {
                "type": "get_attr",
                "value": "boot_disk"
              },
              {
                "type": "index",
                "value": {
                  "value": 0,
                  "type": "number"
                }
              },
              {
                "type": "get_attr",
                "value": "disk_encryption_key_rsa"
              }
            ]
          ],
          "private": "eyJlMmJmYjczMC1lY2FhLTExZTYtOGY4OC0zNDM2M2JjN2M0YzAiOnsiY3JlYXRlIjoxMjAwMDAwMDAwMDAwLCJkZWxldGUiOjEyMDAwMDAwMDAwMDAsInVwZGF0ZSI6MTIwMDAwMDAwMDAwMH0sInNjaGVtYV92ZXJzaW9uIjoiNiJ9",
          "dependencies": [
            "google_compute_network.vpc_network"
          ]
        }
      ]
    },
    {
      "mode": "managed",
      "type": "google_compute_network",
      "name": "vpc_network",
      "provider": "provider[\"registry.terraform.io/hashicorp/google\"]",
      "instances": [
        {
          "schema_version": 0,
          "attributes": {
            "auto_create_subnetworks": true,
            "bgp_always_compare_med": false,
            "bgp_best_path_selection_mode": "LEGACY",
            "bgp_inter_region_cost": "",
            "delete_default_routes_on_create": false,
            "description": "",
            "enable_ula_internal_ipv6": false,
            "gateway_ipv4": "",
            "id": "projects/project-cicd-468413/global/networks/jenkins-network",
            "internal_ipv6_range": "",
            "mtu": 0,
            "name": "jenkins-network",
            "network_firewall_policy_enforcement_order": "AFTER_CLASSIC_FIREWALL",
            "network_id": "4347969222711614208",
            "network_profile": "",
            "numeric_id": "4347969222711614208",
            "params": [],
            "project": "project-cicd-468413",
            "routing_mode": "REGIONAL",
            "self_link": "https://www.googleapis.com/compute/v1/projects/project-cicd-468413/global/networks/jenkins-network",
            "timeouts": null
          },
          "sensitive_attributes": [],
          "private": "eyJlMmJmYjczMC1lY2FhLTExZTYtOGY4OC0zNDM2M2JjN2M0YzAiOnsiY3JlYXRlIjoxMjAwMDAwMDAwMDAwLCJkZWxldGUiOjEyMDAwMDAwMDAwMDAsInVwZGF0ZSI6MTIwMDAwMDAwMDAwMH19"
        }
      ]
    }
  ],
  "check_results": null
}
